
Microsoft Visual Studio Solution File, Format Version 12.00
# Visual Studio 2012
Project("{FAE04EC0-301F-11D3-BF4B-00C04F79EFBC}") = "PollingDbForUpdates", "PollingDbForUpdates\PollingDbForUpdates.csproj", "{1FF54204-C581-4277-9BCB-005DC8E2BAC0}"
EndProject
Project("{FAE04EC0-301F-11D3-BF4B-00C04F79EFBC}") = "PollingDbForUpdates.Core", "PollingDbForUpdates.Core\PollingDbForUpdates.Core.csproj", "{1A649C00-5D45-42CD-9FE2-C33167E54864}"
EndProject
Project("{FAE04EC0-301F-11D3-BF4B-00C04F79EFBC}") = "PollingDbForUpdates.Data", "PollingDbForUpdates.Data\PollingDbForUpdates.Data.csproj", "{D28A5289-DAD0-47A4-B333-49C01DBA0747}"
EndProject
Project("{FAE04EC0-301F-11D3-BF4B-00C04F79EFBC}") = "PollingDbForUpdates.Service", "PollingDbForUpdates.Service\PollingDbForUpdates.Service.csproj", "{6EC7C3C9-4304-4023-A521-13FA7737371D}"
EndProject
Project("{FAE04EC0-301F-11D3-BF4B-00C04F79EFBC}") = "XSockets.DevServer", "XSockets.DevServer\XSockets.DevServer.csproj", "{9E7F0F73-57B3-44E7-A08E-D4E306E16971}"
EndProject
Project("{FAE04EC0-301F-11D3-BF4B-00C04F79EFBC}") = "XSockets.Controllers", "XSockets.Controllers\XSockets.Controllers.csproj", "{8736B596-09EB-42CF-94D5-B76692E18D0C}"
EndProject
Global
	GlobalSection(SolutionConfigurationPlatforms) = preSolution
		Debug|Any CPU = Debug|Any CPU
		Release|Any CPU = Release|Any CPU
	EndGlobalSection
	GlobalSection(ProjectConfigurationPlatforms) = postSolution
		{1FF54204-C581-4277-9BCB-005DC8E2BAC0}.Debug|Any CPU.ActiveCfg = Debug|Any CPU
		{1FF54204-C581-4277-9BCB-005DC8E2BAC0}.Debug|Any CPU.Build.0 = Debug|Any CPU
		{1FF54204-C581-4277-9BCB-005DC8E2BAC0}.Release|Any CPU.ActiveCfg = Release|Any CPU
		{1FF54204-C581-4277-9BCB-005DC8E2BAC0}.Release|Any CPU.Build.0 = Release|Any CPU
		{1A649C00-5D45-42CD-9FE2-C33167E54864}.Debug|Any CPU.ActiveCfg = Debug|Any CPU
		{1A649C00-5D45-42CD-9FE2-C33167E54864}.Debug|Any CPU.Build.0 = Debug|Any CPU
		{1A649C00-5D45-42CD-9FE2-C33167E54864}.Release|Any CPU.ActiveCfg = Release|Any CPU
		{1A649C00-5D45-42CD-9FE2-C33167E54864}.Release|Any CPU.Build.0 = Release|Any CPU
		{D28A5289-DAD0-47A4-B333-49C01DBA0747}.Debug|Any CPU.ActiveCfg = Debug|Any CPU
		{D28A5289-DAD0-47A4-B333-49C01DBA0747}.Debug|Any CPU.Build.0 = Debug|Any CPU
		{D28A5289-DAD0-47A4-B333-49C01DBA0747}.Release|Any CPU.ActiveCfg = Release|Any CPU
		{D28A5289-DAD0-47A4-B333-49C01DBA0747}.Release|Any CPU.Build.0 = Release|Any CPU
		{6EC7C3C9-4304-4023-A521-13FA7737371D}.Debug|Any CPU.ActiveCfg = Debug|Any CPU
		{6EC7C3C9-4304-4023-A521-13FA7737371D}.Debug|Any CPU.Build.0 = Debug|Any CPU
		{6EC7C3C9-4304-4023-A521-13FA7737371D}.Release|Any CPU.ActiveCfg = Release|Any CPU
		{6EC7C3C9-4304-4023-A521-13FA7737371D}.Release|Any CPU.Build.0 = Release|Any CPU
		{9E7F0F73-57B3-44E7-A08E-D4E306E16971}.Debug|Any CPU.ActiveCfg = Debug|Any CPU
		{9E7F0F73-57B3-44E7-A08E-D4E306E16971}.Debug|Any CPU.Build.0 = Debug|Any CPU
		{9E7F0F73-57B3-44E7-A08E-D4E306E16971}.Release|Any CPU.ActiveCfg = Release|Any CPU
		{9E7F0F73-57B3-44E7-A08E-D4E306E16971}.Release|Any CPU.Build.0 = Release|Any CPU
		{8736B596-09EB-42CF-94D5-B76692E18D0C}.Debug|Any CPU.ActiveCfg = Debug|Any CPU
		{8736B596-09EB-42CF-94D5-B76692E18D0C}.Debug|Any CPU.Build.0 = Debug|Any CPU
		{8736B596-09EB-42CF-94D5-B76692E18D0C}.Release|Any CPU.ActiveCfg = Release|Any CPU
		{8736B596-09EB-42CF-94D5-B76692E18D0C}.Release|Any CPU.Build.0 = Release|Any CPU
	EndGlobalSection
	GlobalSection(SolutionProperties) = preSolution
		HideSolutionNode = FALSE
	EndGlobalSection
EndGlobal
